
Microsoft Visual Studio Solution File, Format Version 12.00
# Visual Studio Version 17
VisualStudioVersion = 17.14.36109.1
MinimumVisualStudioVersion = 10.0.40219.1
Project("{FAE04EC0-301F-11D3-BF4B-00C04F79EFBC}") = "MagicVilla_VillaAPI", "MagicVilla_VillaAPI\MagicVilla_VillaAPI.csproj", "{CAC37EC3-2418-483E-95AE-2F0DA858CA04}"
EndProject
Project("{FAE04EC0-301F-11D3-BF4B-00C04F79EFBC}") = "MagicVilla_Web", "MagicVilla_Web\MagicVilla_Web.csproj", "{168719C9-AA98-4AD7-9DF8-ECAE3F9D0C3E}"
EndProject
Project("{FAE04EC0-301F-11D3-BF4B-00C04F79EFBC}") = "MagicVilla_Utility", "MagicVilla_Utility\MagicVilla_Utility.csproj", "{1743207C-2FD6-43E3-8D2C-39A82279A550}"
EndProject
Global
	GlobalSection(SolutionConfigurationPlatforms) = preSolution
		Debug|Any CPU = Debug|Any CPU
		Release|Any CPU = Release|Any CPU
	EndGlobalSection
	GlobalSection(ProjectConfigurationPlatforms) = postSolution
		{CAC37EC3-2418-483E-95AE-2F0DA858CA04}.Debug|Any CPU.ActiveCfg = Debug|Any CPU
		{CAC37EC3-2418-483E-95AE-2F0DA858CA04}.Debug|Any CPU.Build.0 = Debug|Any CPU
		{CAC37EC3-2418-483E-95AE-2F0DA858CA04}.Release|Any CPU.ActiveCfg = Release|Any CPU
		{CAC37EC3-2418-483E-95AE-2F0DA858CA04}.Release|Any CPU.Build.0 = Release|Any CPU
		{168719C9-AA98-4AD7-9DF8-ECAE3F9D0C3E}.Debug|Any CPU.ActiveCfg = Debug|Any CPU
		{168719C9-AA98-4AD7-9DF8-ECAE3F9D0C3E}.Debug|Any CPU.Build.0 = Debug|Any CPU
		{168719C9-AA98-4AD7-9DF8-ECAE3F9D0C3E}.Release|Any CPU.ActiveCfg = Release|Any CPU
		{168719C9-AA98-4AD7-9DF8-ECAE3F9D0C3E}.Release|Any CPU.Build.0 = Release|Any CPU
		{1743207C-2FD6-43E3-8D2C-39A82279A550}.Debug|Any CPU.ActiveCfg = Debug|Any CPU
		{1743207C-2FD6-43E3-8D2C-39A82279A550}.Debug|Any CPU.Build.0 = Debug|Any CPU
		{1743207C-2FD6-43E3-8D2C-39A82279A550}.Release|Any CPU.ActiveCfg = Release|Any CPU
		{1743207C-2FD6-43E3-8D2C-39A82279A550}.Release|Any CPU.Build.0 = Release|Any CPU
	EndGlobalSection
	GlobalSection(SolutionProperties) = preSolution
		HideSolutionNode = FALSE
	EndGlobalSection
	GlobalSection(ExtensibilityGlobals) = postSolution
		SolutionGuid = {43E69365-1BEF-4D45-8A14-FB0491349672}
	EndGlobalSection
EndGlobal
